<?xml version="1.0" encoding="utf-8"?>
<Project ToolsVersion="4.0" xmlns="http://schemas.microsoft.com/developer/msbuild/2003">
  <ItemGroup>
    <Filter Include="资源文件">
      <UniqueIdentifier>{67DA6AB6-F800-4c08-8B7A-83BB121AAD01}</UniqueIdentifier>
      <Extensions>rc;ico;cur;bmp;dlg;rc2;rct;bin;rgs;gif;jpg;jpeg;jpe;resx;tiff;tif;png;wav;mfcribbon-ms</Extensions>
    </Filter>
    <Filter Include="Code">
      <UniqueIdentifier>{78cd3a04-856c-4d0d-8525-e1b10cb463d5}</UniqueIdentifier>
    </Filter>
    <Filter Include="Cube">
      <UniqueIdentifier>{922d2f09-9ae6-43db-81ab-e5f8a9834976}</UniqueIdentifier>
    </Filter>
    <Filter Include="SnowMan">
      <UniqueIdentifier>{fc522542-322d-492c-995d-f94ab445d722}</UniqueIdentifier>
    </Filter>
  </ItemGroup>
  <ItemGroup>
    <ClCompile Include="camera.cpp">
      <Filter>Code</Filter>
    </ClCompile>
    <ClCompile Include="d3dfont.cpp">
      <Filter>Code</Filter>
    </ClCompile>
    <ClCompile Include="d3dutil.cpp">
      <Filter>Code</Filter>
    </ClCompile>
    <ClCompile Include="d3dUtility.cpp">
      <Filter>Code</Filter>
    </ClCompile>
    <ClCompile Include="dxutil.cpp">
      <Filter>Code</Filter>
    </ClCompile>
    <ClCompile Include="fps.cpp">
      <Filter>Code</Filter>
    </ClCompile>
    <ClCompile Include="terrain.cpp">
      <Filter>Code</Filter>
    </ClCompile>
    <ClCompile Include="Cube\cube.cpp">
      <Filter>Cube</Filter>
    </ClCompile>
    <ClCompile Include="main.cpp">
      <Filter>Code</Filter>
    </ClCompile>
  </ItemGroup>
  <ItemGroup>
    <ClInclude Include="camera.h">
      <Filter>Code</Filter>
    </ClInclude>
    <ClInclude Include="d3dfont.h">
      <Filter>Code</Filter>
    </ClInclude>
    <ClInclude Include="d3dutil.h">
      <Filter>Code</Filter>
    </ClInclude>
    <ClInclude Include="d3dUtility.h">
      <Filter>Code</Filter>
    </ClInclude>
    <ClInclude Include="dxutil.h">
      <Filter>Code</Filter>
    </ClInclude>
    <ClInclude Include="fps.h">
      <Filter>Code</Filter>
    </ClInclude>
    <ClInclude Include="terrain.h">
      <Filter>Code</Filter>
    </ClInclude>
    <ClInclude Include="Cube\cube.h">
      <Filter>Cube</Filter>
    </ClInclude>
    <ClInclude Include="Cube\vertex.h">
      <Filter>Cube</Filter>
    </ClInclude>
  </ItemGroup>
</Project>