<?xml version="1.0" encoding="utf-8"?>
<Project ToolsVersion="4.0" xmlns="http://schemas.microsoft.com/developer/msbuild/2003">
  <ItemGroup>
    <Filter Include="资源文件">
      <UniqueIdentifier>{67DA6AB6-F800-4c08-8B7A-83BB121AAD01}</UniqueIdentifier>
      <Extensions>rc;ico;cur;bmp;dlg;rc2;rct;bin;rgs;gif;jpg;jpeg;jpe;resx;tiff;tif;png;wav;mfcribbon-ms</Extensions>
    </Filter>
    <Filter Include="Code">
      <UniqueIdentifier>{78cd3a04-856c-4d0d-8525-e1b10cb463d5}</UniqueIdentifier>
    </Filter>
    <Filter Include="SnowMan">
      <UniqueIdentifier>{fc522542-322d-492c-995d-f94ab445d722}</UniqueIdentifier>
    </Filter>
    <Filter Include="Camera">
      <UniqueIdentifier>{5b766418-935f-4de9-934b-4a1fe0dd01e0}</UniqueIdentifier>
    </Filter>
    <Filter Include="Terrain">
      <UniqueIdentifier>{b2e14641-c011-49b2-a963-1360c9136ede}</UniqueIdentifier>
    </Filter>
    <Filter Include="Font">
      <UniqueIdentifier>{4c3f1ee6-790d-495d-bfb2-082a90ad22d7}</UniqueIdentifier>
    </Filter>
    <Filter Include="Fps">
      <UniqueIdentifier>{20314bef-6a90-445c-89df-d9af0f2a26e4}</UniqueIdentifier>
    </Filter>
    <Filter Include="SkyBox">
      <UniqueIdentifier>{2ab4511d-b2ba-48a4-b91e-090cf3185aec}</UniqueIdentifier>
    </Filter>
    <Filter Include="Cube">
      <UniqueIdentifier>{77a68f1a-77b9-4f68-80f9-bf2199d08278}</UniqueIdentifier>
    </Filter>
  </ItemGroup>
  <ItemGroup>
    <ClCompile Include="d3dutil.cpp">
      <Filter>Code</Filter>
    </ClCompile>
    <ClCompile Include="d3dUtility.cpp">
      <Filter>Code</Filter>
    </ClCompile>
    <ClCompile Include="dxutil.cpp">
      <Filter>Code</Filter>
    </ClCompile>
    <ClCompile Include="main.cpp">
      <Filter>Code</Filter>
    </ClCompile>
    <ClCompile Include="camera.cpp">
      <Filter>Camera</Filter>
    </ClCompile>
    <ClCompile Include="terrain.cpp">
      <Filter>Terrain</Filter>
    </ClCompile>
    <ClCompile Include="d3dfont.cpp">
      <Filter>Font</Filter>
    </ClCompile>
    <ClCompile Include="fps.cpp">
      <Filter>Fps</Filter>
    </ClCompile>
    <ClCompile Include="SnowMan.cpp">
      <Filter>SnowMan</Filter>
    </ClCompile>
    <ClCompile Include="SkyBox.cpp">
      <Filter>SkyBox</Filter>
    </ClCompile>
    <ClCompile Include="cube.cpp">
      <Filter>Cube</Filter>
    </ClCompile>
  </ItemGroup>
  <ItemGroup>
    <ClInclude Include="d3dutil.h">
      <Filter>Code</Filter>
    </ClInclude>
    <ClInclude Include="d3dUtility.h">
      <Filter>Code</Filter>
    </ClInclude>
    <ClInclude Include="dxutil.h">
      <Filter>Code</Filter>
    </ClInclude>
    <ClInclude Include="camera.h">
      <Filter>Camera</Filter>
    </ClInclude>
    <ClInclude Include="terrain.h">
      <Filter>Terrain</Filter>
    </ClInclude>
    <ClInclude Include="d3dfont.h">
      <Filter>Font</Filter>
    </ClInclude>
    <ClInclude Include="fps.h">
      <Filter>Fps</Filter>
    </ClInclude>
    <ClInclude Include="SnowMan.h">
      <Filter>SnowMan</Filter>
    </ClInclude>
    <ClInclude Include="SkyBox.h">
      <Filter>SkyBox</Filter>
    </ClInclude>
    <ClInclude Include="cube.h">
      <Filter>Cube</Filter>
    </ClInclude>
  </ItemGroup>
</Project>